{
    "_meta": {
        "hash": {
            "sha256": "08397b311819d48834d1c31fd652ac221eb91d1b8a2b7ed5bca8c9ed2cdabeec"
        },
        "pipfile-spec": 6,
        "requires": {
            "python_version": "3.10"
        },
        "sources": [
            {
                "name": "pypi",
                "url": "https://pypi.org/simple",
                "verify_ssl": true
            }
        ]
    },
    "default": {
        "pillow": {
            "hashes": [
                "sha256:0030fdbd926fb85844b8b92e2f9449ba89607231d3dd597a21ae72dc7fe26927",
                "sha256:030e3460861488e249731c3e7ab59b07c7853838ff3b8e16aac9561bb345da14",
                "sha256:0ed2c4ef2451de908c90436d6e8092e13a43992f1860275b4d8082667fbb2ffc",
                "sha256:136659638f61a251e8ed3b331fc6ccd124590eeff539de57c5f80ef3a9594e58",
                "sha256:13b725463f32df1bfeacbf3dd197fb358ae8ebcd8c5548faa75126ea425ccb60",
                "sha256:1536ad017a9f789430fb6b8be8bf99d2f214c76502becc196c6f2d9a75b01b76",
                "sha256:15928f824870535c85dbf949c09d6ae7d3d6ac2d6efec80f3227f73eefba741c",
                "sha256:17d4cafe22f050b46d983b71c707162d63d796a1235cdf8b9d7a112e97b15bac",
                "sha256:1802f34298f5ba11d55e5bb09c31997dc0c6aed919658dfdf0198a2fe75d5490",
                "sha256:1cc1d2451e8a3b4bfdb9caf745b58e6c7a77d2e469159b0d527a4554d73694d1",
                "sha256:1fd6f5e3c0e4697fa7eb45b6e93996299f3feee73a3175fa451f49a74d092b9f",
                "sha256:254164c57bab4b459f14c64e93df11eff5ded575192c294a0c49270f22c5d93d",
                "sha256:2ad0d4df0f5ef2247e27fc790d5c9b5a0af8ade9ba340db4a73bb1a4a3e5fb4f",
                "sha256:2c58b24e3a63efd22554c676d81b0e57f80e0a7d3a5874a7e14ce90ec40d3069",
                "sha256:2d33a11f601213dcd5718109c09a52c2a1c893e7461f0be2d6febc2879ec2402",
                "sha256:337a74fd2f291c607d220c793a8135273c4c2ab001b03e601c36766005f36885",
                "sha256:37ff6b522a26d0538b753f0b4e8e164fdada12db6c6f00f62145d732d8a3152e",
                "sha256:3d1f14f5f691f55e1b47f824ca4fdcb4b19b4323fe43cc7bb105988cad7496be",
                "sha256:408673ed75594933714482501fe97e055a42996087eeca7e5d06e33218d05aa8",
                "sha256:4134d3f1ba5f15027ff5c04296f13328fecd46921424084516bdb1b2548e66ff",
                "sha256:4ad2f835e0ad81d1689f1b7e3fbac7b01bb8777d5a985c8962bedee0cc6d43da",
                "sha256:50dff9cc21826d2977ef2d2a205504034e3a4563ca6f5db739b0d1026658e004",
                "sha256:510cef4a3f401c246cfd8227b300828715dd055463cdca6176c2e4036df8bd4f",
                "sha256:5aed7dde98403cd91d86a1115c78d8145c83078e864c1de1064f52e6feb61b20",
                "sha256:69bd1a15d7ba3694631e00df8de65a8cb031911ca11f44929c97fe05eb9b6c1d",
                "sha256:6bf088c1ce160f50ea40764f825ec9b72ed9da25346216b91361eef8ad1b8f8c",
                "sha256:6e8c66f70fb539301e064f6478d7453e820d8a2c631da948a23384865cd95544",
                "sha256:727dd1389bc5cb9827cbd1f9d40d2c2a1a0c9b32dd2261db522d22a604a6eec9",
                "sha256:74a04183e6e64930b667d321524e3c5361094bb4af9083db5c301db64cd341f3",
                "sha256:75e636fd3e0fb872693f23ccb8a5ff2cd578801251f3a4f6854c6a5d437d3c04",
                "sha256:7761afe0126d046974a01e030ae7529ed0ca6a196de3ec6937c11df0df1bc91c",
                "sha256:7888310f6214f19ab2b6df90f3f06afa3df7ef7355fc025e78a3044737fab1f5",
                "sha256:7b0554af24df2bf96618dac71ddada02420f946be943b181108cac55a7a2dcd4",
                "sha256:7c7b502bc34f6e32ba022b4a209638f9e097d7a9098104ae420eb8186217ebbb",
                "sha256:808add66ea764ed97d44dda1ac4f2cfec4c1867d9efb16a33d158be79f32b8a4",
                "sha256:831e648102c82f152e14c1a0938689dbb22480c548c8d4b8b248b3e50967b88c",
                "sha256:93689632949aff41199090eff5474f3990b6823404e45d66a5d44304e9cdc467",
                "sha256:96b5e6874431df16aee0c1ba237574cb6dff1dcb173798faa6a9d8b399a05d0e",
                "sha256:9a54614049a18a2d6fe156e68e188da02a046a4a93cf24f373bffd977e943421",
                "sha256:a138441e95562b3c078746a22f8fca8ff1c22c014f856278bdbdd89ca36cff1b",
                "sha256:a647c0d4478b995c5e54615a2e5360ccedd2f85e70ab57fbe817ca613d5e63b8",
                "sha256:a9c9bc489f8ab30906d7a85afac4b4944a572a7432e00698a7239f44a44e6efb",
                "sha256:ad2277b185ebce47a63f4dc6302e30f05762b688f8dc3de55dbae4651872cdf3",
                "sha256:b6d5e92df2b77665e07ddb2e4dbd6d644b78e4c0d2e9272a852627cdba0d75cf",
                "sha256:bc431b065722a5ad1dfb4df354fb9333b7a582a5ee39a90e6ffff688d72f27a1",
                "sha256:bdd0de2d64688ecae88dd8935012c4a72681e5df632af903a1dca8c5e7aa871a",
                "sha256:c79698d4cd9318d9481d89a77e2d3fcaeff5486be641e60a4b49f3d2ecca4e28",
                "sha256:cb6259196a589123d755380b65127ddc60f4c64b21fc3bb46ce3a6ea663659b0",
                "sha256:d5b87da55a08acb586bad5c3aa3b86505f559b84f39035b233d5bf844b0834b1",
                "sha256:dcd7b9c7139dc8258d164b55696ecd16c04607f1cc33ba7af86613881ffe4ac8",
                "sha256:dfe4c1fedfde4e2fbc009d5ad420647f7730d719786388b7de0999bf32c0d9fd",
                "sha256:ea98f633d45f7e815db648fd7ff0f19e328302ac36427343e4432c84432e7ff4",
                "sha256:ec52c351b35ca269cb1f8069d610fc45c5bd38c3e91f9ab4cbbf0aebc136d9c8",
                "sha256:eef7592281f7c174d3d6cbfbb7ee5984a671fcd77e3fc78e973d492e9bf0eb3f",
                "sha256:f07f1f00e22b231dd3d9b9208692042e29792d6bd4f6639415d2f23158a80013",
                "sha256:f3fac744f9b540148fa7715a435d2283b71f68bfb6d4aae24482a890aed18b59",
                "sha256:fa768eff5f9f958270b081bb33581b4b569faabf8774726b283edb06617101dc",
                "sha256:fac2d65901fb0fdf20363fbd345c01958a742f2dc62a8dd4495af66e3ff502a4"
            ],
            "markers": "python_version >= '3.7'",
            "version": "==9.2.0"
        },
        "pypdf2": {
            "hashes": [
                "sha256:488c2a3e581e39322f55cdb09e74dfe91402208383cc073224ed5d880e3f4b1b",
                "sha256:ad40bf56bad7ee9c8adb1de6a4a160a8f2c1b442369ad817584106fb5bde64eb"
            ],
            "index": "pypi",
            "version": "==2.8.1"
        },
        "reportlab": {
            "hashes": [
                "sha256:02a67c8caaf669c63f0c410525137b162d2ade43b43e10bf1ac19b1919f6aa95",
                "sha256:03f2612f2213b78e31a2f1d580881eca89267874ae61e432a33f64df50f590a7",
                "sha256:05627acc324ce213c79fbbcc012d0a576bef8bc540fe0a875a6491c78612b6f4",
                "sha256:068000debb926a4dec6442de6e1fff831f5a6cecfe830d715926c82d8f4eeb0b",
                "sha256:088359b44b418be27b8fb38dd733ac6c3dd611fad10e6dbba3876027ef216e58",
                "sha256:0aabf425f215dc297052194166f951e940c077271d0133bfdd3a08bb56022d6c",
                "sha256:12d9582d9a6cd18bf3f61b355c13261baeb22bc0e994f385750eae9d89ce6846",
                "sha256:1aad24ddfdfcd89f2db7cd10298de55a6e3a6dfc482b2aabf98880986c550fcc",
                "sha256:1be429316812a4c3aacfbee0ef9a84def4a3a0cba37d6c9155563ff8a8a04c8b",
                "sha256:1c32ed1c42bbce03faa02e33d1949cc2ca5eda42c52267cacce28f69cb087663",
                "sha256:1c51729484e0e1784812746c84c8c97215b95b02ba75057bb5dbe4f206a93c64",
                "sha256:1cc100be35dba31ee6865de26d460ade8a4aef451b90c0ec2cc6b7cc5f293440",
                "sha256:244b17fc544d0cd41f61648b247fa2fa8c4e1d47602f5fd6ff4ddd7b29f35642",
                "sha256:25ca368637467d617cd73fd5e68b31f3ceed2db42a175b76951e32bc97345ed7",
                "sha256:31ebc2997c1e57df0cc6a55a83c63e629c8420482bf994e0665e289c4b603c63",
                "sha256:3842f9e815924f9880e4a127afd9b22607f701b352513880b9dd6bcf3a651bb4",
                "sha256:53ec9fbd6e0c5ac9ee3f349700af8f1bb886878c802086b4d9d0b981def239a9",
                "sha256:5da9b84b645e7e7b8f4a219e4d3b5bfce771d0e11f34f861bde4ef5c4b4fc4e6",
                "sha256:603e9980f99cdf1a3325a49c092ad0847e3fe032aa59d9f69421f81b4e2199de",
                "sha256:60bf28718e50f6d28b3e784c64b29bf73477773537ed7b4177aa90e4a54c2323",
                "sha256:6415f16e64c0179ecb2f6231e3433014c5c837ce589661aa8b954944764a8d31",
                "sha256:6566fa308633661ec9053ce4dcd145fb10b6f9cc0cf7aa2fee84e9e8f2c77d2d",
                "sha256:662ee549793e9b38ecb5dae2521352ff73f05c2816665327835a3a12abe36edc",
                "sha256:71617eac54a207ae24e6ac78feee02aca61d5954844ada786c186748c9517565",
                "sha256:76257019f254b655b95e88df7ebd1c39ac90543987e968f6e5bdf91797d012f3",
                "sha256:7c730dc5421b1b39cbaa39098ef9c7a79f216ab479718eb27bbd0fc3947ddea0",
                "sha256:9aa2a746bfbd7878af74d22ed3c2cfc7b920dedf47d943146a20a6e196ab4fcd",
                "sha256:9b2b28fe14de1124c310cc349dcb71bb3018ffa11d9eeb4ed7e8acd2570fb8b0",
                "sha256:a12dd3ddc2950adbe47d874fd0b675f67d724600eb96da8ab72dc37f9d4d71b2",
                "sha256:a8d071c30166deb03c4f99af1d8f48355f8acbe4d05b7b5c3a616a41b2bae3ad",
                "sha256:a9218f499ac42133090f16e33a622eff69248753b5c6738c0ee7b916fa084752",
                "sha256:b41ed7754de6d1702065c53e5e6f266571eca4139f875bc127849d9c8238a704",
                "sha256:b4efd9b1b9bcc95e41e80130be00e89b1ea56b816a362d5f2eb2f141df624ad9",
                "sha256:cd0f0cd614a6fdc3b5a76351e9462956fd4d9b62b0e3ca5e7767259768905818",
                "sha256:dc7657fcb0bc3e485c3c869a44dddb52d711356a01a456664b7bef827222c982",
                "sha256:fdfc56c20b77f0a8ddcdfd13e4dec916dc9c8f1dc59c27611fa7d69e2cfb9a4a"
            ],
            "index": "pypi",
            "version": "==3.6.8"
        }
    },
    "develop": {}
}
